// !$*UTF8*$!
{
	archiveVersion = 1;
	classes = {
	};
	objectVersion = 50;
	objects = {

/* Begin PBXBuildFile section */
		450D6C632475ADC600822A0A /* ProfilViewController.swift in Sources */ = {isa = PBXBuildFile; fileRef = 450D6C622475ADC600822A0A /* ProfilViewController.swift */; };
		450D6C672475AF3F00822A0A /* CustomView.swift in Sources */ = {isa = PBXBuildFile; fileRef = 450D6C662475AF3F00822A0A /* CustomView.swift */; };
		450D6C6A2475B00A00822A0A /* CustomImage.swift in Sources */ = {isa = PBXBuildFile; fileRef = 450D6C692475B00A00822A0A /* CustomImage.swift */; };
		45C3D17B24746161009249D7 /* SignInViewController.swift in Sources */ = {isa = PBXBuildFile; fileRef = 45C3D17A24746161009249D7 /* SignInViewController.swift */; };
		45C3D1992475166D009249D7 /* Lato-Thin.ttf in Resources */ = {isa = PBXBuildFile; fileRef = 45C3D1802475166D009249D7 /* Lato-Thin.ttf */; };
		45C3D19A2475166D009249D7 /* Lato-SemiboldItalic.ttf in Resources */ = {isa = PBXBuildFile; fileRef = 45C3D1812475166D009249D7 /* Lato-SemiboldItalic.ttf */; };
		45C3D19B2475166D009249D7 /* Lato-Regular.ttf in Resources */ = {isa = PBXBuildFile; fileRef = 45C3D1822475166D009249D7 /* Lato-Regular.ttf */; };
		45C3D19C2475166D009249D7 /* Lato-Semibold.ttf in Resources */ = {isa = PBXBuildFile; fileRef = 45C3D1832475166D009249D7 /* Lato-Semibold.ttf */; };
		45C3D19D2475166D009249D7 /* Lato-MediumItalic.ttf in Resources */ = {isa = PBXBuildFile; fileRef = 45C3D1842475166D009249D7 /* Lato-MediumItalic.ttf */; };
		45C3D19E2475166D009249D7 /* Lato-ThinItalic.ttf in Resources */ = {isa = PBXBuildFile; fileRef = 45C3D1852475166D009249D7 /* Lato-ThinItalic.ttf */; };
		45C3D19F2475166D009249D7 /* SF-Pro-Text-UltralightItalic.otf in Resources */ = {isa = PBXBuildFile; fileRef = 45C3D1872475166D009249D7 /* SF-Pro-Text-UltralightItalic.otf */; };
		45C3D1A02475166D009249D7 /* SF-Pro-Text-Heavy.otf in Resources */ = {isa = PBXBuildFile; fileRef = 45C3D1882475166D009249D7 /* SF-Pro-Text-Heavy.otf */; };
		45C3D1A12475166D009249D7 /* SF-Pro-Text-MediumItalic.otf in Resources */ = {isa = PBXBuildFile; fileRef = 45C3D1892475166D009249D7 /* SF-Pro-Text-MediumItalic.otf */; };
		45C3D1A22475166D009249D7 /* SF-Pro-Text-Light.otf in Resources */ = {isa = PBXBuildFile; fileRef = 45C3D18A2475166D009249D7 /* SF-Pro-Text-Light.otf */; };
		45C3D1A32475166D009249D7 /* SF-Pro-Text-BlackItalic.otf in Resources */ = {isa = PBXBuildFile; fileRef = 45C3D18B2475166D009249D7 /* SF-Pro-Text-BlackItalic.otf */; };
		45C3D1A42475166D009249D7 /* SF-Pro-Text-Black.otf in Resources */ = {isa = PBXBuildFile; fileRef = 45C3D18C2475166D009249D7 /* SF-Pro-Text-Black.otf */; };
		45C3D1A52475166D009249D7 /* SF-Pro-Text-Regular.otf in Resources */ = {isa = PBXBuildFile; fileRef = 45C3D18D2475166D009249D7 /* SF-Pro-Text-Regular.otf */; };
		45C3D1A62475166D009249D7 /* SF-Pro-Text-Ultralight.otf in Resources */ = {isa = PBXBuildFile; fileRef = 45C3D18E2475166D009249D7 /* SF-Pro-Text-Ultralight.otf */; };
		45C3D1A72475166D009249D7 /* SF-Pro-Text-Bold.otf in Resources */ = {isa = PBXBuildFile; fileRef = 45C3D18F2475166D009249D7 /* SF-Pro-Text-Bold.otf */; };
		45C3D1A82475166D009249D7 /* SF-Pro-Text-Thin.otf in Resources */ = {isa = PBXBuildFile; fileRef = 45C3D1902475166D009249D7 /* SF-Pro-Text-Thin.otf */; };
		45C3D1A92475166D009249D7 /* SF-Pro-Text-ThinItalic.otf in Resources */ = {isa = PBXBuildFile; fileRef = 45C3D1912475166D009249D7 /* SF-Pro-Text-ThinItalic.otf */; };
		45C3D1AA2475166D009249D7 /* SF-Pro-Text-BoldItalic.otf in Resources */ = {isa = PBXBuildFile; fileRef = 45C3D1922475166D009249D7 /* SF-Pro-Text-BoldItalic.otf */; };
		45C3D1AB2475166D009249D7 /* SF-Pro-Text-RegularItalic.otf in Resources */ = {isa = PBXBuildFile; fileRef = 45C3D1932475166D009249D7 /* SF-Pro-Text-RegularItalic.otf */; };
		45C3D1AC2475166D009249D7 /* SF-Pro-Text-Semibold.otf in Resources */ = {isa = PBXBuildFile; fileRef = 45C3D1942475166D009249D7 /* SF-Pro-Text-Semibold.otf */; };
		45C3D1AD2475166D009249D7 /* SF-Pro-Text-HeavyItalic.otf in Resources */ = {isa = PBXBuildFile; fileRef = 45C3D1952475166D009249D7 /* SF-Pro-Text-HeavyItalic.otf */; };
		45C3D1AE2475166D009249D7 /* SF-Pro-Text-LightItalic.otf in Resources */ = {isa = PBXBuildFile; fileRef = 45C3D1962475166D009249D7 /* SF-Pro-Text-LightItalic.otf */; };
		45C3D1AF2475166D009249D7 /* SF-Pro-Text-Medium.otf in Resources */ = {isa = PBXBuildFile; fileRef = 45C3D1972475166D009249D7 /* SF-Pro-Text-Medium.otf */; };
		45C3D1B02475166D009249D7 /* SF-Pro-Text-SemiboldItalic.otf in Resources */ = {isa = PBXBuildFile; fileRef = 45C3D1982475166D009249D7 /* SF-Pro-Text-SemiboldItalic.otf */; };
		EE2499992473C2D100DBB3CD /* ForgotPassword.storyboard in Resources */ = {isa = PBXBuildFile; fileRef = EE2499982473C2D100DBB3CD /* ForgotPassword.storyboard */; };
		F0FB2C37246A9C0F00CAE4A2 /* AppDelegate.swift in Sources */ = {isa = PBXBuildFile; fileRef = F0FB2C36246A9C0F00CAE4A2 /* AppDelegate.swift */; };
		F0FB2C39246A9C0F00CAE4A2 /* SceneDelegate.swift in Sources */ = {isa = PBXBuildFile; fileRef = F0FB2C38246A9C0F00CAE4A2 /* SceneDelegate.swift */; };
		F0FB2C3B246A9C0F00CAE4A2 /* ViewController.swift in Sources */ = {isa = PBXBuildFile; fileRef = F0FB2C3A246A9C0F00CAE4A2 /* ViewController.swift */; };
		F0FB2C3E246A9C0F00CAE4A2 /* Main.storyboard in Resources */ = {isa = PBXBuildFile; fileRef = F0FB2C3C246A9C0F00CAE4A2 /* Main.storyboard */; };
		F0FB2C41246A9C0F00CAE4A2 /* UClass.xcdatamodeld in Sources */ = {isa = PBXBuildFile; fileRef = F0FB2C3F246A9C0F00CAE4A2 /* UClass.xcdatamodeld */; };
		F0FB2C43246A9C1000CAE4A2 /* Assets.xcassets in Resources */ = {isa = PBXBuildFile; fileRef = F0FB2C42246A9C1000CAE4A2 /* Assets.xcassets */; };
		F0FB2C46246A9C1000CAE4A2 /* LaunchScreen.storyboard in Resources */ = {isa = PBXBuildFile; fileRef = F0FB2C44246A9C1000CAE4A2 /* LaunchScreen.storyboard */; };
/* End PBXBuildFile section */

/* Begin PBXFileReference section */
		450D6C622475ADC600822A0A /* ProfilViewController.swift */ = {isa = PBXFileReference; lastKnownFileType = sourcecode.swift; path = ProfilViewController.swift; sourceTree = "<group>"; };
		450D6C662475AF3F00822A0A /* CustomView.swift */ = {isa = PBXFileReference; lastKnownFileType = sourcecode.swift; path = CustomView.swift; sourceTree = "<group>"; };
		450D6C692475B00A00822A0A /* CustomImage.swift */ = {isa = PBXFileReference; lastKnownFileType = sourcecode.swift; path = CustomImage.swift; sourceTree = "<group>"; };
		45C3D17A24746161009249D7 /* SignInViewController.swift */ = {isa = PBXFileReference; lastKnownFileType = sourcecode.swift; path = SignInViewController.swift; sourceTree = "<group>"; };
		45C3D1802475166D009249D7 /* Lato-Thin.ttf */ = {isa = PBXFileReference; lastKnownFileType = file; path = "Lato-Thin.ttf"; sourceTree = "<group>"; };
		45C3D1812475166D009249D7 /* Lato-SemiboldItalic.ttf */ = {isa = PBXFileReference; lastKnownFileType = file; path = "Lato-SemiboldItalic.ttf"; sourceTree = "<group>"; };
		45C3D1822475166D009249D7 /* Lato-Regular.ttf */ = {isa = PBXFileReference; lastKnownFileType = file; path = "Lato-Regular.ttf"; sourceTree = "<group>"; };
		45C3D1832475166D009249D7 /* Lato-Semibold.ttf */ = {isa = PBXFileReference; lastKnownFileType = file; path = "Lato-Semibold.ttf"; sourceTree = "<group>"; };
		45C3D1842475166D009249D7 /* Lato-MediumItalic.ttf */ = {isa = PBXFileReference; lastKnownFileType = file; path = "Lato-MediumItalic.ttf"; sourceTree = "<group>"; };
		45C3D1852475166D009249D7 /* Lato-ThinItalic.ttf */ = {isa = PBXFileReference; lastKnownFileType = file; path = "Lato-ThinItalic.ttf"; sourceTree = "<group>"; };
		45C3D1872475166D009249D7 /* SF-Pro-Text-UltralightItalic.otf */ = {isa = PBXFileReference; lastKnownFileType = file; path = "SF-Pro-Text-UltralightItalic.otf"; sourceTree = "<group>"; };
		45C3D1882475166D009249D7 /* SF-Pro-Text-Heavy.otf */ = {isa = PBXFileReference; lastKnownFileType = file; path = "SF-Pro-Text-Heavy.otf"; sourceTree = "<group>"; };
		45C3D1892475166D009249D7 /* SF-Pro-Text-MediumItalic.otf */ = {isa = PBXFileReference; lastKnownFileType = file; path = "SF-Pro-Text-MediumItalic.otf"; sourceTree = "<group>"; };
		45C3D18A2475166D009249D7 /* SF-Pro-Text-Light.otf */ = {isa = PBXFileReference; lastKnownFileType = file; path = "SF-Pro-Text-Light.otf"; sourceTree = "<group>"; };
		45C3D18B2475166D009249D7 /* SF-Pro-Text-BlackItalic.otf */ = {isa = PBXFileReference; lastKnownFileType = file; path = "SF-Pro-Text-BlackItalic.otf"; sourceTree = "<group>"; };
		45C3D18C2475166D009249D7 /* SF-Pro-Text-Black.otf */ = {isa = PBXFileReference; lastKnownFileType = file; path = "SF-Pro-Text-Black.otf"; sourceTree = "<group>"; };
		45C3D18D2475166D009249D7 /* SF-Pro-Text-Regular.otf */ = {isa = PBXFileReference; lastKnownFileType = file; path = "SF-Pro-Text-Regular.otf"; sourceTree = "<group>"; };
		45C3D18E2475166D009249D7 /* SF-Pro-Text-Ultralight.otf */ = {isa = PBXFileReference; lastKnownFileType = file; path = "SF-Pro-Text-Ultralight.otf"; sourceTree = "<group>"; };
		45C3D18F2475166D009249D7 /* SF-Pro-Text-Bold.otf */ = {isa = PBXFileReference; lastKnownFileType = file; path = "SF-Pro-Text-Bold.otf"; sourceTree = "<group>"; };
		45C3D1902475166D009249D7 /* SF-Pro-Text-Thin.otf */ = {isa = PBXFileReference; lastKnownFileType = file; path = "SF-Pro-Text-Thin.otf"; sourceTree = "<group>"; };
		45C3D1912475166D009249D7 /* SF-Pro-Text-ThinItalic.otf */ = {isa = PBXFileReference; lastKnownFileType = file; path = "SF-Pro-Text-ThinItalic.otf"; sourceTree = "<group>"; };
		45C3D1922475166D009249D7 /* SF-Pro-Text-BoldItalic.otf */ = {isa = PBXFileReference; lastKnownFileType = file; path = "SF-Pro-Text-BoldItalic.otf"; sourceTree = "<group>"; };
		45C3D1932475166D009249D7 /* SF-Pro-Text-RegularItalic.otf */ = {isa = PBXFileReference; lastKnownFileType = file; path = "SF-Pro-Text-RegularItalic.otf"; sourceTree = "<group>"; };
		45C3D1942475166D009249D7 /* SF-Pro-Text-Semibold.otf */ = {isa = PBXFileReference; lastKnownFileType = file; path = "SF-Pro-Text-Semibold.otf"; sourceTree = "<group>"; };
		45C3D1952475166D009249D7 /* SF-Pro-Text-HeavyItalic.otf */ = {isa = PBXFileReference; lastKnownFileType = file; path = "SF-Pro-Text-HeavyItalic.otf"; sourceTree = "<group>"; };
		45C3D1962475166D009249D7 /* SF-Pro-Text-LightItalic.otf */ = {isa = PBXFileReference; lastKnownFileType = file; path = "SF-Pro-Text-LightItalic.otf"; sourceTree = "<group>"; };
		45C3D1972475166D009249D7 /* SF-Pro-Text-Medium.otf */ = {isa = PBXFileReference; lastKnownFileType = file; path = "SF-Pro-Text-Medium.otf"; sourceTree = "<group>"; };
		45C3D1982475166D009249D7 /* SF-Pro-Text-SemiboldItalic.otf */ = {isa = PBXFileReference; lastKnownFileType = file; path = "SF-Pro-Text-SemiboldItalic.otf"; sourceTree = "<group>"; };
		EE2499982473C2D100DBB3CD /* ForgotPassword.storyboard */ = {isa = PBXFileReference; lastKnownFileType = file.storyboard; path = ForgotPassword.storyboard; sourceTree = "<group>"; };
		F0E8E92B2473C53900B0C339 /* UClass.entitlements */ = {isa = PBXFileReference; lastKnownFileType = text.plist.entitlements; path = UClass.entitlements; sourceTree = "<group>"; };
		F0E8E92D2473C53F00B0C339 /* CloudKit.framework */ = {isa = PBXFileReference; lastKnownFileType = wrapper.framework; name = CloudKit.framework; path = System/Library/Frameworks/CloudKit.framework; sourceTree = SDKROOT; };
		F0FB2C33246A9C0F00CAE4A2 /* UClass.app */ = {isa = PBXFileReference; explicitFileType = wrapper.application; includeInIndex = 0; path = UClass.app; sourceTree = BUILT_PRODUCTS_DIR; };
		F0FB2C36246A9C0F00CAE4A2 /* AppDelegate.swift */ = {isa = PBXFileReference; lastKnownFileType = sourcecode.swift; path = AppDelegate.swift; sourceTree = "<group>"; };
		F0FB2C38246A9C0F00CAE4A2 /* SceneDelegate.swift */ = {isa = PBXFileReference; lastKnownFileType = sourcecode.swift; path = SceneDelegate.swift; sourceTree = "<group>"; };
		F0FB2C3A246A9C0F00CAE4A2 /* ViewController.swift */ = {isa = PBXFileReference; lastKnownFileType = sourcecode.swift; path = ViewController.swift; sourceTree = "<group>"; };
		F0FB2C3D246A9C0F00CAE4A2 /* Base */ = {isa = PBXFileReference; lastKnownFileType = file.storyboard; name = Base; path = Base.lproj/Main.storyboard; sourceTree = "<group>"; };
		F0FB2C40246A9C0F00CAE4A2 /* UClass.xcdatamodel */ = {isa = PBXFileReference; lastKnownFileType = wrapper.xcdatamodel; path = UClass.xcdatamodel; sourceTree = "<group>"; };
		F0FB2C42246A9C1000CAE4A2 /* Assets.xcassets */ = {isa = PBXFileReference; lastKnownFileType = folder.assetcatalog; path = Assets.xcassets; sourceTree = "<group>"; };
		F0FB2C45246A9C1000CAE4A2 /* Base */ = {isa = PBXFileReference; lastKnownFileType = file.storyboard; name = Base; path = Base.lproj/LaunchScreen.storyboard; sourceTree = "<group>"; };
		F0FB2C47246A9C1000CAE4A2 /* Info.plist */ = {isa = PBXFileReference; lastKnownFileType = text.plist.xml; path = Info.plist; sourceTree = "<group>"; };
/* End PBXFileReference section */

/* Begin PBXFrameworksBuildPhase section */
		F0FB2C30246A9C0F00CAE4A2 /* Frameworks */ = {
			isa = PBXFrameworksBuildPhase;
			buildActionMask = 2147483647;
			files = (
			);
			runOnlyForDeploymentPostprocessing = 0;
		};
/* End PBXFrameworksBuildPhase section */

/* Begin PBXGroup section */
		450D6C652475AEDA00822A0A /* ViewController */ = {
			isa = PBXGroup;
			children = (
				F0FB2C3A246A9C0F00CAE4A2 /* ViewController.swift */,
				450D6C622475ADC600822A0A /* ProfilViewController.swift */,
				45C3D17A24746161009249D7 /* SignInViewController.swift */,
			);
			path = ViewController;
			sourceTree = "<group>";
		};
		450D6C682475AF4C00822A0A /* Class */ = {
			isa = PBXGroup;
			children = (
				450D6C662475AF3F00822A0A /* CustomView.swift */,
				450D6C692475B00A00822A0A /* CustomImage.swift */,
			);
			path = Class;
			sourceTree = "<group>";
		};
		45C3D17E2475166D009249D7 /* Fonts */ = {
			isa = PBXGroup;
			children = (
				45C3D17F2475166D009249D7 /* Lato */,
				45C3D1862475166D009249D7 /* SF Pro */,
			);
			name = Fonts;
			path = ../../../../../Desktop/Fonts;
			sourceTree = "<group>";
		};
		45C3D17F2475166D009249D7 /* Lato */ = {
			isa = PBXGroup;
			children = (
				45C3D1802475166D009249D7 /* Lato-Thin.ttf */,
				45C3D1812475166D009249D7 /* Lato-SemiboldItalic.ttf */,
				45C3D1822475166D009249D7 /* Lato-Regular.ttf */,
				45C3D1832475166D009249D7 /* Lato-Semibold.ttf */,
				45C3D1842475166D009249D7 /* Lato-MediumItalic.ttf */,
				45C3D1852475166D009249D7 /* Lato-ThinItalic.ttf */,
			);
			path = Lato;
			sourceTree = "<group>";
		};
		45C3D1862475166D009249D7 /* SF Pro */ = {
			isa = PBXGroup;
			children = (
				45C3D1872475166D009249D7 /* SF-Pro-Text-UltralightItalic.otf */,
				45C3D1882475166D009249D7 /* SF-Pro-Text-Heavy.otf */,
				45C3D1892475166D009249D7 /* SF-Pro-Text-MediumItalic.otf */,
				45C3D18A2475166D009249D7 /* SF-Pro-Text-Light.otf */,
				45C3D18B2475166D009249D7 /* SF-Pro-Text-BlackItalic.otf */,
				45C3D18C2475166D009249D7 /* SF-Pro-Text-Black.otf */,
				45C3D18D2475166D009249D7 /* SF-Pro-Text-Regular.otf */,
				45C3D18E2475166D009249D7 /* SF-Pro-Text-Ultralight.otf */,
				45C3D18F2475166D009249D7 /* SF-Pro-Text-Bold.otf */,
				45C3D1902475166D009249D7 /* SF-Pro-Text-Thin.otf */,
				45C3D1912475166D009249D7 /* SF-Pro-Text-ThinItalic.otf */,
				45C3D1922475166D009249D7 /* SF-Pro-Text-BoldItalic.otf */,
				45C3D1932475166D009249D7 /* SF-Pro-Text-RegularItalic.otf */,
				45C3D1942475166D009249D7 /* SF-Pro-Text-Semibold.otf */,
				45C3D1952475166D009249D7 /* SF-Pro-Text-HeavyItalic.otf */,
				45C3D1962475166D009249D7 /* SF-Pro-Text-LightItalic.otf */,
				45C3D1972475166D009249D7 /* SF-Pro-Text-Medium.otf */,
				45C3D1982475166D009249D7 /* SF-Pro-Text-SemiboldItalic.otf */,
			);
			path = "SF Pro";
			sourceTree = "<group>";
		};
		F0E8E92C2473C53F00B0C339 /* Frameworks */ = {
			isa = PBXGroup;
			children = (
				F0E8E92D2473C53F00B0C339 /* CloudKit.framework */,
			);
			name = Frameworks;
			sourceTree = "<group>";
		};
		F0FB2C2A246A9C0F00CAE4A2 = {
			isa = PBXGroup;
			children = (
				F0FB2C35246A9C0F00CAE4A2 /* UClass */,
				F0FB2C34246A9C0F00CAE4A2 /* Products */,
				F0E8E92C2473C53F00B0C339 /* Frameworks */,
			);
			sourceTree = "<group>";
		};
		F0FB2C34246A9C0F00CAE4A2 /* Products */ = {
			isa = PBXGroup;
			children = (
				F0FB2C33246A9C0F00CAE4A2 /* UClass.app */,
			);
			name = Products;
			sourceTree = "<group>";
		};
		F0FB2C35246A9C0F00CAE4A2 /* UClass */ = {
			isa = PBXGroup;
			children = (
				45C3D17E2475166D009249D7 /* Fonts */,
				F0E8E92B2473C53900B0C339 /* UClass.entitlements */,
				F0FB2C36246A9C0F00CAE4A2 /* AppDelegate.swift */,
				F0FB2C38246A9C0F00CAE4A2 /* SceneDelegate.swift */,
				450D6C652475AEDA00822A0A /* ViewController */,
				F0FB2C3C246A9C0F00CAE4A2 /* Main.storyboard */,
				F0FB2C42246A9C1000CAE4A2 /* Assets.xcassets */,
				F0FB2C44246A9C1000CAE4A2 /* LaunchScreen.storyboard */,
				EE2499982473C2D100DBB3CD /* ForgotPassword.storyboard */,
				450D6C682475AF4C00822A0A /* Class */,
				F0FB2C47246A9C1000CAE4A2 /* Info.plist */,
				F0FB2C3F246A9C0F00CAE4A2 /* UClass.xcdatamodeld */,
			);
			path = UClass;
			sourceTree = "<group>";
		};
/* End PBXGroup section */

/* Begin PBXNativeTarget section */
		F0FB2C32246A9C0F00CAE4A2 /* UClass */ = {
			isa = PBXNativeTarget;
			buildConfigurationList = F0FB2C4A246A9C1000CAE4A2 /* Build configuration list for PBXNativeTarget "UClass" */;
			buildPhases = (
				F0FB2C2F246A9C0F00CAE4A2 /* Sources */,
				F0FB2C30246A9C0F00CAE4A2 /* Frameworks */,
				F0FB2C31246A9C0F00CAE4A2 /* Resources */,
			);
			buildRules = (
			);
			dependencies = (
			);
			name = UClass;
			productName = UClass;
			productReference = F0FB2C33246A9C0F00CAE4A2 /* UClass.app */;
			productType = "com.apple.product-type.application";
		};
/* End PBXNativeTarget section */

/* Begin PBXProject section */
		F0FB2C2B246A9C0F00CAE4A2 /* Project object */ = {
			isa = PBXProject;
			attributes = {
				LastSwiftUpdateCheck = 1140;
				LastUpgradeCheck = 1140;
				ORGANIZATIONNAME = "Amos Ebenhaezer";
				TargetAttributes = {
					F0FB2C32246A9C0F00CAE4A2 = {
						CreatedOnToolsVersion = 11.4.1;
					};
				};
			};
			buildConfigurationList = F0FB2C2E246A9C0F00CAE4A2 /* Build configuration list for PBXProject "UClass" */;
			compatibilityVersion = "Xcode 9.3";
			developmentRegion = en;
			hasScannedForEncodings = 0;
			knownRegions = (
				en,
				Base,
			);
			mainGroup = F0FB2C2A246A9C0F00CAE4A2;
			productRefGroup = F0FB2C34246A9C0F00CAE4A2 /* Products */;
			projectDirPath = "";
			projectRoot = "";
			targets = (
				F0FB2C32246A9C0F00CAE4A2 /* UClass */,
			);
		};
/* End PBXProject section */

/* Begin PBXResourcesBuildPhase section */
		F0FB2C31246A9C0F00CAE4A2 /* Resources */ = {
			isa = PBXResourcesBuildPhase;
			buildActionMask = 2147483647;
			files = (
				45C3D1A72475166D009249D7 /* SF-Pro-Text-Bold.otf in Resources */,
				45C3D19D2475166D009249D7 /* Lato-MediumItalic.ttf in Resources */,
				45C3D1A12475166D009249D7 /* SF-Pro-Text-MediumItalic.otf in Resources */,
				EE2499992473C2D100DBB3CD /* ForgotPassword.storyboard in Resources */,
				45C3D1B02475166D009249D7 /* SF-Pro-Text-SemiboldItalic.otf in Resources */,
				45C3D19C2475166D009249D7 /* Lato-Semibold.ttf in Resources */,
				F0FB2C46246A9C1000CAE4A2 /* LaunchScreen.storyboard in Resources */,
				45C3D1992475166D009249D7 /* Lato-Thin.ttf in Resources */,
				45C3D1A92475166D009249D7 /* SF-Pro-Text-ThinItalic.otf in Resources */,
				45C3D1AF2475166D009249D7 /* SF-Pro-Text-Medium.otf in Resources */,
				F0FB2C43246A9C1000CAE4A2 /* Assets.xcassets in Resources */,
				45C3D19B2475166D009249D7 /* Lato-Regular.ttf in Resources */,
				45C3D1A02475166D009249D7 /* SF-Pro-Text-Heavy.otf in Resources */,
				45C3D1A32475166D009249D7 /* SF-Pro-Text-BlackItalic.otf in Resources */,
				45C3D1AC2475166D009249D7 /* SF-Pro-Text-Semibold.otf in Resources */,
				45C3D19F2475166D009249D7 /* SF-Pro-Text-UltralightItalic.otf in Resources */,
				45C3D1AB2475166D009249D7 /* SF-Pro-Text-RegularItalic.otf in Resources */,
				45C3D19E2475166D009249D7 /* Lato-ThinItalic.ttf in Resources */,
				F0FB2C3E246A9C0F00CAE4A2 /* Main.storyboard in Resources */,
				45C3D1A62475166D009249D7 /* SF-Pro-Text-Ultralight.otf in Resources */,
				45C3D1AA2475166D009249D7 /* SF-Pro-Text-BoldItalic.otf in Resources */,
				45C3D1A52475166D009249D7 /* SF-Pro-Text-Regular.otf in Resources */,
				45C3D1A82475166D009249D7 /* SF-Pro-Text-Thin.otf in Resources */,
				45C3D1A22475166D009249D7 /* SF-Pro-Text-Light.otf in Resources */,
				45C3D1AE2475166D009249D7 /* SF-Pro-Text-LightItalic.otf in Resources */,
				45C3D19A2475166D009249D7 /* Lato-SemiboldItalic.ttf in Resources */,
				45C3D1AD2475166D009249D7 /* SF-Pro-Text-HeavyItalic.otf in Resources */,
				45C3D1A42475166D009249D7 /* SF-Pro-Text-Black.otf in Resources */,
			);
			runOnlyForDeploymentPostprocessing = 0;
		};
/* End PBXResourcesBuildPhase section */

/* Begin PBXSourcesBuildPhase section */
		F0FB2C2F246A9C0F00CAE4A2 /* Sources */ = {
			isa = PBXSourcesBuildPhase;
			buildActionMask = 2147483647;
			files = (
				450D6C632475ADC600822A0A /* ProfilViewController.swift in Sources */,
				F0FB2C3B246A9C0F00CAE4A2 /* ViewController.swift in Sources */,
				450D6C6A2475B00A00822A0A /* CustomImage.swift in Sources */,
				F0FB2C37246A9C0F00CAE4A2 /* AppDelegate.swift in Sources */,
				450D6C672475AF3F00822A0A /* CustomView.swift in Sources */,
				F0FB2C41246A9C0F00CAE4A2 /* UClass.xcdatamodeld in Sources */,
				45C3D17B24746161009249D7 /* SignInViewController.swift in Sources */,
				F0FB2C39246A9C0F00CAE4A2 /* SceneDelegate.swift in Sources */,
			);
			runOnlyForDeploymentPostprocessing = 0;
		};
/* End PBXSourcesBuildPhase section */

/* Begin PBXVariantGroup section */
		F0FB2C3C246A9C0F00CAE4A2 /* Main.storyboard */ = {
			isa = PBXVariantGroup;
			children = (
				F0FB2C3D246A9C0F00CAE4A2 /* Base */,
			);
			name = Main.storyboard;
			sourceTree = "<group>";
		};
		F0FB2C44246A9C1000CAE4A2 /* LaunchScreen.storyboard */ = {
			isa = PBXVariantGroup;
			children = (
				F0FB2C45246A9C1000CAE4A2 /* Base */,
			);
			name = LaunchScreen.storyboard;
			sourceTree = "<group>";
		};
/* End PBXVariantGroup section */

/* Begin XCBuildConfiguration section */
		F0FB2C48246A9C1000CAE4A2 /* Debug */ = {
			isa = XCBuildConfiguration;
			buildSettings = {
				ALWAYS_SEARCH_USER_PATHS = NO;
				CLANG_ANALYZER_NONNULL = YES;
				CLANG_ANALYZER_NUMBER_OBJECT_CONVERSION = YES_AGGRESSIVE;
				CLANG_CXX_LANGUAGE_STANDARD = "gnu++14";
				CLANG_CXX_LIBRARY = "libc++";
				CLANG_ENABLE_MODULES = YES;
				CLANG_ENABLE_OBJC_ARC = YES;
				CLANG_ENABLE_OBJC_WEAK = YES;
				CLANG_WARN_BLOCK_CAPTURE_AUTORELEASING = YES;
				CLANG_WARN_BOOL_CONVERSION = YES;
				CLANG_WARN_COMMA = YES;
				CLANG_WARN_CONSTANT_CONVERSION = YES;
				CLANG_WARN_DEPRECATED_OBJC_IMPLEMENTATIONS = YES;
				CLANG_WARN_DIRECT_OBJC_ISA_USAGE = YES_ERROR;
				CLANG_WARN_DOCUMENTATION_COMMENTS = YES;
				CLANG_WARN_EMPTY_BODY = YES;
				CLANG_WARN_ENUM_CONVERSION = YES;
				CLANG_WARN_INFINITE_RECURSION = YES;
				CLANG_WARN_INT_CONVERSION = YES;
				CLANG_WARN_NON_LITERAL_NULL_CONVERSION = YES;
				CLANG_WARN_OBJC_IMPLICIT_RETAIN_SELF = YES;
				CLANG_WARN_OBJC_LITERAL_CONVERSION = YES;
				CLANG_WARN_OBJC_ROOT_CLASS = YES_ERROR;
				CLANG_WARN_RANGE_LOOP_ANALYSIS = YES;
				CLANG_WARN_STRICT_PROTOTYPES = YES;
				CLANG_WARN_SUSPICIOUS_MOVE = YES;
				CLANG_WARN_UNGUARDED_AVAILABILITY = YES_AGGRESSIVE;
				CLANG_WARN_UNREACHABLE_CODE = YES;
				CLANG_WARN__DUPLICATE_METHOD_MATCH = YES;
				COPY_PHASE_STRIP = NO;
				DEBUG_INFORMATION_FORMAT = dwarf;
				ENABLE_STRICT_OBJC_MSGSEND = YES;
				ENABLE_TESTABILITY = YES;
				GCC_C_LANGUAGE_STANDARD = gnu11;
				GCC_DYNAMIC_NO_PIC = NO;
				GCC_NO_COMMON_BLOCKS = YES;
				GCC_OPTIMIZATION_LEVEL = 0;
				GCC_PREPROCESSOR_DEFINITIONS = (
					"DEBUG=1",
					"$(inherited)",
				);
				GCC_WARN_64_TO_32_BIT_CONVERSION = YES;
				GCC_WARN_ABOUT_RETURN_TYPE = YES_ERROR;
				GCC_WARN_UNDECLARED_SELECTOR = YES;
				GCC_WARN_UNINITIALIZED_AUTOS = YES_AGGRESSIVE;
				GCC_WARN_UNUSED_FUNCTION = YES;
				GCC_WARN_UNUSED_VARIABLE = YES;
				IPHONEOS_DEPLOYMENT_TARGET = 13.4;
				MTL_ENABLE_DEBUG_INFO = INCLUDE_SOURCE;
				MTL_FAST_MATH = YES;
				ONLY_ACTIVE_ARCH = YES;
				SDKROOT = iphoneos;
				SWIFT_ACTIVE_COMPILATION_CONDITIONS = DEBUG;
				SWIFT_OPTIMIZATION_LEVEL = "-Onone";
			};
			name = Debug;
		};
		F0FB2C49246A9C1000CAE4A2 /* Release */ = {
			isa = XCBuildConfiguration;
			buildSettings = {
				ALWAYS_SEARCH_USER_PATHS = NO;
				CLANG_ANALYZER_NONNULL = YES;
				CLANG_ANALYZER_NUMBER_OBJECT_CONVERSION = YES_AGGRESSIVE;
				CLANG_CXX_LANGUAGE_STANDARD = "gnu++14";
				CLANG_CXX_LIBRARY = "libc++";
				CLANG_ENABLE_MODULES = YES;
				CLANG_ENABLE_OBJC_ARC = YES;
				CLANG_ENABLE_OBJC_WEAK = YES;
				CLANG_WARN_BLOCK_CAPTURE_AUTORELEASING = YES;
				CLANG_WARN_BOOL_CONVERSION = YES;
				CLANG_WARN_COMMA = YES;
				CLANG_WARN_CONSTANT_CONVERSION = YES;
				CLANG_WARN_DEPRECATED_OBJC_IMPLEMENTATIONS = YES;
				CLANG_WARN_DIRECT_OBJC_ISA_USAGE = YES_ERROR;
				CLANG_WARN_DOCUMENTATION_COMMENTS = YES;
				CLANG_WARN_EMPTY_BODY = YES;
				CLANG_WARN_ENUM_CONVERSION = YES;
				CLANG_WARN_INFINITE_RECURSION = YES;
				CLANG_WARN_INT_CONVERSION = YES;
				CLANG_WARN_NON_LITERAL_NULL_CONVERSION = YES;
				CLANG_WARN_OBJC_IMPLICIT_RETAIN_SELF = YES;
				CLANG_WARN_OBJC_LITERAL_CONVERSION = YES;
				CLANG_WARN_OBJC_ROOT_CLASS = YES_ERROR;
				CLANG_WARN_RANGE_LOOP_ANALYSIS = YES;
				CLANG_WARN_STRICT_PROTOTYPES = YES;
				CLANG_WARN_SUSPICIOUS_MOVE = YES;
				CLANG_WARN_UNGUARDED_AVAILABILITY = YES_AGGRESSIVE;
				CLANG_WARN_UNREACHABLE_CODE = YES;
				CLANG_WARN__DUPLICATE_METHOD_MATCH = YES;
				COPY_PHASE_STRIP = NO;
				DEBUG_INFORMATION_FORMAT = "dwarf-with-dsym";
				ENABLE_NS_ASSERTIONS = NO;
				ENABLE_STRICT_OBJC_MSGSEND = YES;
				GCC_C_LANGUAGE_STANDARD = gnu11;
				GCC_NO_COMMON_BLOCKS = YES;
				GCC_WARN_64_TO_32_BIT_CONVERSION = YES;
				GCC_WARN_ABOUT_RETURN_TYPE = YES_ERROR;
				GCC_WARN_UNDECLARED_SELECTOR = YES;
				GCC_WARN_UNINITIALIZED_AUTOS = YES_AGGRESSIVE;
				GCC_WARN_UNUSED_FUNCTION = YES;
				GCC_WARN_UNUSED_VARIABLE = YES;
				IPHONEOS_DEPLOYMENT_TARGET = 13.4;
				MTL_ENABLE_DEBUG_INFO = NO;
				MTL_FAST_MATH = YES;
				SDKROOT = iphoneos;
				SWIFT_COMPILATION_MODE = wholemodule;
				SWIFT_OPTIMIZATION_LEVEL = "-O";
				VALIDATE_PRODUCT = YES;
			};
			name = Release;
		};
		F0FB2C4B246A9C1000CAE4A2 /* Debug */ = {
			isa = XCBuildConfiguration;
			buildSettings = {
				ASSETCATALOG_COMPILER_APPICON_NAME = AppIcon;
				CODE_SIGN_ENTITLEMENTS = UClass/UClass.entitlements;
				CODE_SIGN_STYLE = Automatic;
				DEVELOPMENT_TEAM = UQK4G4Z38Z;
				INFOPLIST_FILE = UClass/Info.plist;
				LD_RUNPATH_SEARCH_PATHS = (
					"$(inherited)",
					"@executable_path/Frameworks",
				);
				PRODUCT_BUNDLE_IDENTIFIER = com.uclass.UClass;
				PRODUCT_NAME = "$(TARGET_NAME)";
				SWIFT_VERSION = 5.0;
				TARGETED_DEVICE_FAMILY = 1;
			};
			name = Debug;
		};
		F0FB2C4C246A9C1000CAE4A2 /* Release */ = {
			isa = XCBuildConfiguration;
			buildSettings = {
				ASSETCATALOG_COMPILER_APPICON_NAME = AppIcon;
				CODE_SIGN_ENTITLEMENTS = UClass/UClass.entitlements;
				CODE_SIGN_STYLE = Automatic;
				DEVELOPMENT_TEAM = UQK4G4Z38Z;
				INFOPLIST_FILE = UClass/Info.plist;
				LD_RUNPATH_SEARCH_PATHS = (
					"$(inherited)",
					"@executable_path/Frameworks",
				);
				PRODUCT_BUNDLE_IDENTIFIER = com.uclass.UClass;
				PRODUCT_NAME = "$(TARGET_NAME)";
				SWIFT_VERSION = 5.0;
				TARGETED_DEVICE_FAMILY = 1;
			};
			name = Release;
		};
/* End XCBuildConfiguration section */

/* Begin XCConfigurationList section */
		F0FB2C2E246A9C0F00CAE4A2 /* Build configuration list for PBXProject "UClass" */ = {
			isa = XCConfigurationList;
			buildConfigurations = (
				F0FB2C48246A9C1000CAE4A2 /* Debug */,
				F0FB2C49246A9C1000CAE4A2 /* Release */,
			);
			defaultConfigurationIsVisible = 0;
			defaultConfigurationName = Release;
		};
		F0FB2C4A246A9C1000CAE4A2 /* Build configuration list for PBXNativeTarget "UClass" */ = {
			isa = XCConfigurationList;
			buildConfigurations = (
				F0FB2C4B246A9C1000CAE4A2 /* Debug */,
				F0FB2C4C246A9C1000CAE4A2 /* Release */,
			);
			defaultConfigurationIsVisible = 0;
			defaultConfigurationName = Release;
		};
/* End XCConfigurationList section */

/* Begin XCVersionGroup section */
		F0FB2C3F246A9C0F00CAE4A2 /* UClass.xcdatamodeld */ = {
			isa = XCVersionGroup;
			children = (
				F0FB2C40246A9C0F00CAE4A2 /* UClass.xcdatamodel */,
			);
			currentVersion = F0FB2C40246A9C0F00CAE4A2 /* UClass.xcdatamodel */;
			path = UClass.xcdatamodeld;
			sourceTree = "<group>";
			versionGroupType = wrapper.xcdatamodel;
		};
/* End XCVersionGroup section */
	};
	rootObject = F0FB2C2B246A9C0F00CAE4A2 /* Project object */;
}
